// !$*UTF8*$!
{
	archiveVersion = 1;
	classes = {
	};
	objectVersion = 55;
	objects = {

/* Begin PBXBuildFile section */
		712F4E6228186066006E6B59 /* SwiftUIFontIcon in Frameworks */ = {isa = PBXBuildFile; productRef = 712F4E6128186066006E6B59 /* SwiftUIFontIcon */; };
		712F4E6628199D43006E6B59 /* FormSheet.swift in Sources */ = {isa = PBXBuildFile; fileRef = 712F4E6528199D43006E6B59 /* FormSheet.swift */; };
		712F4E6A2819B045006E6B59 /* RecordDetail.swift in Sources */ = {isa = PBXBuildFile; fileRef = 712F4E692819B045006E6B59 /* RecordDetail.swift */; };
		717B4BAD281853F800C8D38E /* FutureWealthApp.swift in Sources */ = {isa = PBXBuildFile; fileRef = 717B4BAC281853F800C8D38E /* FutureWealthApp.swift */; };
		717B4BAF281853F800C8D38E /* HomepageView.swift in Sources */ = {isa = PBXBuildFile; fileRef = 717B4BAE281853F800C8D38E /* HomepageView.swift */; };
		717B4BB1281853FA00C8D38E /* Assets.xcassets in Resources */ = {isa = PBXBuildFile; fileRef = 717B4BB0281853FA00C8D38E /* Assets.xcassets */; };
		717B4BB4281853FA00C8D38E /* Preview Assets.xcassets in Resources */ = {isa = PBXBuildFile; fileRef = 717B4BB3281853FA00C8D38E /* Preview Assets.xcassets */; };
		7196FA3B281AA88100EAE090 /* LogModel.xcdatamodeld in Sources */ = {isa = PBXBuildFile; fileRef = 7196FA39281AA88100EAE090 /* LogModel.xcdatamodeld */; };
		7196FA3D281AAB8100EAE090 /* LogController.swift in Sources */ = {isa = PBXBuildFile; fileRef = 7196FA3C281AAB8100EAE090 /* LogController.swift */; };
/* End PBXBuildFile section */

/* Begin PBXFileReference section */
		712F4E6528199D43006E6B59 /* FormSheet.swift */ = {isa = PBXFileReference; lastKnownFileType = sourcecode.swift; path = FormSheet.swift; sourceTree = "<group>"; };
		712F4E692819B045006E6B59 /* RecordDetail.swift */ = {isa = PBXFileReference; lastKnownFileType = sourcecode.swift; path = RecordDetail.swift; sourceTree = "<group>"; };
		717B4BA9281853F800C8D38E /* FutureWealth.app */ = {isa = PBXFileReference; explicitFileType = wrapper.application; includeInIndex = 0; path = FutureWealth.app; sourceTree = BUILT_PRODUCTS_DIR; };
		717B4BAC281853F800C8D38E /* FutureWealthApp.swift */ = {isa = PBXFileReference; lastKnownFileType = sourcecode.swift; path = FutureWealthApp.swift; sourceTree = "<group>"; };
		717B4BAE281853F800C8D38E /* HomepageView.swift */ = {isa = PBXFileReference; lastKnownFileType = sourcecode.swift; path = HomepageView.swift; sourceTree = "<group>"; };
		717B4BB0281853FA00C8D38E /* Assets.xcassets */ = {isa = PBXFileReference; lastKnownFileType = folder.assetcatalog; path = Assets.xcassets; sourceTree = "<group>"; };
		717B4BB3281853FA00C8D38E /* Preview Assets.xcassets */ = {isa = PBXFileReference; lastKnownFileType = folder.assetcatalog; path = "Preview Assets.xcassets"; sourceTree = "<group>"; };
		7196FA3A281AA88100EAE090 /* LogModel.xcdatamodel */ = {isa = PBXFileReference; lastKnownFileType = wrapper.xcdatamodel; path = LogModel.xcdatamodel; sourceTree = "<group>"; };
		7196FA3C281AAB8100EAE090 /* LogController.swift */ = {isa = PBXFileReference; lastKnownFileType = sourcecode.swift; path = LogController.swift; sourceTree = "<group>"; };
/* End PBXFileReference section */

/* Begin PBXFrameworksBuildPhase section */
		717B4BA6281853F800C8D38E /* Frameworks */ = {
			isa = PBXFrameworksBuildPhase;
			buildActionMask = 2147483647;
			files = (
				712F4E6228186066006E6B59 /* SwiftUIFontIcon in Frameworks */,
			);
			runOnlyForDeploymentPostprocessing = 0;
		};
/* End PBXFrameworksBuildPhase section */

/* Begin PBXGroup section */
		717B4BA0281853F800C8D38E = {
			isa = PBXGroup;
			children = (
				717B4BAB281853F800C8D38E /* FutureWealth */,
				717B4BAA281853F800C8D38E /* Products */,
			);
			sourceTree = "<group>";
		};
		717B4BAA281853F800C8D38E /* Products */ = {
			isa = PBXGroup;
			children = (
				717B4BA9281853F800C8D38E /* FutureWealth.app */,
			);
			name = Products;
			sourceTree = "<group>";
		};
		717B4BAB281853F800C8D38E /* FutureWealth */ = {
			isa = PBXGroup;
			children = (
				7196FA39281AA88100EAE090 /* LogModel.xcdatamodeld */,
				717B4BAC281853F800C8D38E /* FutureWealthApp.swift */,
				717B4BAE281853F800C8D38E /* HomepageView.swift */,
				712F4E692819B045006E6B59 /* RecordDetail.swift */,
				717B4BB0281853FA00C8D38E /* Assets.xcassets */,
				717B4BB2281853FA00C8D38E /* Preview Content */,
				712F4E6528199D43006E6B59 /* FormSheet.swift */,
				7196FA3C281AAB8100EAE090 /* LogController.swift */,
			);
			path = FutureWealth;
			sourceTree = "<group>";
		};
		717B4BB2281853FA00C8D38E /* Preview Content */ = {
			isa = PBXGroup;
			children = (
				717B4BB3281853FA00C8D38E /* Preview Assets.xcassets */,
			);
			path = "Preview Content";
			sourceTree = "<group>";
		};
/* End PBXGroup section */

/* Begin PBXNativeTarget section */
		717B4BA8281853F800C8D38E /* FutureWealth */ = {
			isa = PBXNativeTarget;
			buildConfigurationList = 717B4BB7281853FA00C8D38E /* Build configuration list for PBXNativeTarget "FutureWealth" */;
			buildPhases = (
				717B4BA5281853F800C8D38E /* Sources */,
				717B4BA6281853F800C8D38E /* Frameworks */,
				717B4BA7281853F800C8D38E /* Resources */,
			);
			buildRules = (
			);
			dependencies = (
			);
			name = FutureWealth;
			packageProductDependencies = (
				712F4E6128186066006E6B59 /* SwiftUIFontIcon */,
			);
			productName = FutureWealth;
			productReference = 717B4BA9281853F800C8D38E /* FutureWealth.app */;
			productType = "com.apple.product-type.application";
		};
/* End PBXNativeTarget section */

/* Begin PBXProject section */
		717B4BA1281853F800C8D38E /* Project object */ = {
			isa = PBXProject;
			attributes = {
				BuildIndependentTargetsInParallel = 1;
				LastSwiftUpdateCheck = 1330;
				LastUpgradeCheck = 1330;
				TargetAttributes = {
					717B4BA8281853F800C8D38E = {
						CreatedOnToolsVersion = 13.3.1;
					};
				};
			};
			buildConfigurationList = 717B4BA4281853F800C8D38E /* Build configuration list for PBXProject "FutureWealth" */;
			compatibilityVersion = "Xcode 13.0";
			developmentRegion = en;
			hasScannedForEncodings = 0;
			knownRegions = (
				en,
				Base,
			);
			mainGroup = 717B4BA0281853F800C8D38E;
			packageReferences = (
				712F4E6028186066006E6B59 /* XCRemoteSwiftPackageReference "SwiftUIFontIcon" */,
			);
			productRefGroup = 717B4BAA281853F800C8D38E /* Products */;
			projectDirPath = "";
			projectRoot = "";
			targets = (
				717B4BA8281853F800C8D38E /* FutureWealth */,
			);
		};
/* End PBXProject section */

/* Begin PBXResourcesBuildPhase section */
		717B4BA7281853F800C8D38E /* Resources */ = {
			isa = PBXResourcesBuildPhase;
			buildActionMask = 2147483647;
			files = (
				717B4BB4281853FA00C8D38E /* Preview Assets.xcassets in Resources */,
				717B4BB1281853FA00C8D38E /* Assets.xcassets in Resources */,
			);
			runOnlyForDeploymentPostprocessing = 0;
		};
/* End PBXResourcesBuildPhase section */

/* Begin PBXSourcesBuildPhase section */
		717B4BA5281853F800C8D38E /* Sources */ = {
			isa = PBXSourcesBuildPhase;
			buildActionMask = 2147483647;
			files = (
				7196FA3D281AAB8100EAE090 /* LogController.swift in Sources */,
				717B4BAF281853F800C8D38E /* HomepageView.swift in Sources */,
				717B4BAD281853F800C8D38E /* FutureWealthApp.swift in Sources */,
				7196FA3B281AA88100EAE090 /* LogModel.xcdatamodeld in Sources */,
				712F4E6628199D43006E6B59 /* FormSheet.swift in Sources */,
				712F4E6A2819B045006E6B59 /* RecordDetail.swift in Sources */,
			);
			runOnlyForDeploymentPostprocessing = 0;
		};
/* End PBXSourcesBuildPhase section */

/* Begin XCBuildConfiguration section */
		717B4BB5281853FA00C8D38E /* Debug */ = {
			isa = XCBuildConfiguration;
			buildSettings = {
				ALWAYS_SEARCH_USER_PATHS = NO;
				CLANG_ANALYZER_NONNULL = YES;
				CLANG_ANALYZER_NUMBER_OBJECT_CONVERSION = YES_AGGRESSIVE;
				CLANG_CXX_LANGUAGE_STANDARD = "gnu++17";
				CLANG_ENABLE_MODULES = YES;
				CLANG_ENABLE_OBJC_ARC = YES;
				CLANG_ENABLE_OBJC_WEAK = YES;
				CLANG_WARN_BLOCK_CAPTURE_AUTORELEASING = YES;
				CLANG_WARN_BOOL_CONVERSION = YES;
				CLANG_WARN_COMMA = YES;
				CLANG_WARN_CONSTANT_CONVERSION = YES;
				CLANG_WARN_DEPRECATED_OBJC_IMPLEMENTATIONS = YES;
				CLANG_WARN_DIRECT_OBJC_ISA_USAGE = YES_ERROR;
				CLANG_WARN_DOCUMENTATION_COMMENTS = YES;
				CLANG_WARN_EMPTY_BODY = YES;
				CLANG_WARN_ENUM_CONVERSION = YES;
				CLANG_WARN_INFINITE_RECURSION = YES;
				CLANG_WARN_INT_CONVERSION = YES;
				CLANG_WARN_NON_LITERAL_NULL_CONVERSION = YES;
				CLANG_WARN_OBJC_IMPLICIT_RETAIN_SELF = YES;
				CLANG_WARN_OBJC_LITERAL_CONVERSION = YES;
				CLANG_WARN_OBJC_ROOT_CLASS = YES_ERROR;
				CLANG_WARN_QUOTED_INCLUDE_IN_FRAMEWORK_HEADER = YES;
				CLANG_WARN_RANGE_LOOP_ANALYSIS = YES;
				CLANG_WARN_STRICT_PROTOTYPES = YES;
				CLANG_WARN_SUSPICIOUS_MOVE = YES;
				CLANG_WARN_UNGUARDED_AVAILABILITY = YES_AGGRESSIVE;
				CLANG_WARN_UNREACHABLE_CODE = YES;
				CLANG_WARN__DUPLICATE_METHOD_MATCH = YES;
				COPY_PHASE_STRIP = NO;
				DEBUG_INFORMATION_FORMAT = dwarf;
				ENABLE_STRICT_OBJC_MSGSEND = YES;
				ENABLE_TESTABILITY = YES;
				GCC_C_LANGUAGE_STANDARD = gnu11;
				GCC_DYNAMIC_NO_PIC = NO;
				GCC_NO_COMMON_BLOCKS = YES;
				GCC_OPTIMIZATION_LEVEL = 0;
				GCC_PREPROCESSOR_DEFINITIONS = (
					"DEBUG=1",
					"$(inherited)",
				);
				GCC_WARN_64_TO_32_BIT_CONVERSION = YES;
				GCC_WARN_ABOUT_RETURN_TYPE = YES_ERROR;
				GCC_WARN_UNDECLARED_SELECTOR = YES;
				GCC_WARN_UNINITIALIZED_AUTOS = YES_AGGRESSIVE;
				GCC_WARN_UNUSED_FUNCTION = YES;
				GCC_WARN_UNUSED_VARIABLE = YES;
				IPHONEOS_DEPLOYMENT_TARGET = 15.4;
				MTL_ENABLE_DEBUG_INFO = INCLUDE_SOURCE;
				MTL_FAST_MATH = YES;
				ONLY_ACTIVE_ARCH = YES;
				SDKROOT = iphoneos;
				SWIFT_ACTIVE_COMPILATION_CONDITIONS = DEBUG;
				SWIFT_OPTIMIZATION_LEVEL = "-Onone";
			};
			name = Debug;
		};
		717B4BB6281853FA00C8D38E /* Release */ = {
			isa = XCBuildConfiguration;
			buildSettings = {
				ALWAYS_SEARCH_USER_PATHS = NO;
				CLANG_ANALYZER_NONNULL = YES;
				CLANG_ANALYZER_NUMBER_OBJECT_CONVERSION = YES_AGGRESSIVE;
				CLANG_CXX_LANGUAGE_STANDARD = "gnu++17";
				CLANG_ENABLE_MODULES = YES;
				CLANG_ENABLE_OBJC_ARC = YES;
				CLANG_ENABLE_OBJC_WEAK = YES;
				CLANG_WARN_BLOCK_CAPTURE_AUTORELEASING = YES;
				CLANG_WARN_BOOL_CONVERSION = YES;
				CLANG_WARN_COMMA = YES;
				CLANG_WARN_CONSTANT_CONVERSION = YES;
				CLANG_WARN_DEPRECATED_OBJC_IMPLEMENTATIONS = YES;
				CLANG_WARN_DIRECT_OBJC_ISA_USAGE = YES_ERROR;
				CLANG_WARN_DOCUMENTATION_COMMENTS = YES;
				CLANG_WARN_EMPTY_BODY = YES;
				CLANG_WARN_ENUM_CONVERSION = YES;
				CLANG_WARN_INFINITE_RECURSION = YES;
				CLANG_WARN_INT_CONVERSION = YES;
				CLANG_WARN_NON_LITERAL_NULL_CONVERSION = YES;
				CLANG_WARN_OBJC_IMPLICIT_RETAIN_SELF = YES;
				CLANG_WARN_OBJC_LITERAL_CONVERSION = YES;
				CLANG_WARN_OBJC_ROOT_CLASS = YES_ERROR;
				CLANG_WARN_QUOTED_INCLUDE_IN_FRAMEWORK_HEADER = YES;
				CLANG_WARN_RANGE_LOOP_ANALYSIS = YES;
				CLANG_WARN_STRICT_PROTOTYPES = YES;
				CLANG_WARN_SUSPICIOUS_MOVE = YES;
				CLANG_WARN_UNGUARDED_AVAILABILITY = YES_AGGRESSIVE;
				CLANG_WARN_UNREACHABLE_CODE = YES;
				CLANG_WARN__DUPLICATE_METHOD_MATCH = YES;
				COPY_PHASE_STRIP = NO;
				DEBUG_INFORMATION_FORMAT = "dwarf-with-dsym";
				ENABLE_NS_ASSERTIONS = NO;
				ENABLE_STRICT_OBJC_MSGSEND = YES;
				GCC_C_LANGUAGE_STANDARD = gnu11;
				GCC_NO_COMMON_BLOCKS = YES;
				GCC_WARN_64_TO_32_BIT_CONVERSION = YES;
				GCC_WARN_ABOUT_RETURN_TYPE = YES_ERROR;
				GCC_WARN_UNDECLARED_SELECTOR = YES;
				GCC_WARN_UNINITIALIZED_AUTOS = YES_AGGRESSIVE;
				GCC_WARN_UNUSED_FUNCTION = YES;
				GCC_WARN_UNUSED_VARIABLE = YES;
				IPHONEOS_DEPLOYMENT_TARGET = 15.4;
				MTL_ENABLE_DEBUG_INFO = NO;
				MTL_FAST_MATH = YES;
				SDKROOT = iphoneos;
				SWIFT_COMPILATION_MODE = wholemodule;
				SWIFT_OPTIMIZATION_LEVEL = "-O";
				VALIDATE_PRODUCT = YES;
			};
			name = Release;
		};
		717B4BB8281853FA00C8D38E /* Debug */ = {
			isa = XCBuildConfiguration;
			buildSettings = {
				ASSETCATALOG_COMPILER_APPICON_NAME = AppIcon;
				ASSETCATALOG_COMPILER_GLOBAL_ACCENT_COLOR_NAME = AccentColor;
				CODE_SIGN_STYLE = Automatic;
				CURRENT_PROJECT_VERSION = 1;
				DEVELOPMENT_ASSET_PATHS = "\"FutureWealth/Preview Content\"";
				DEVELOPMENT_TEAM = SPA6U35XFL;
				ENABLE_PREVIEWS = YES;
				GENERATE_INFOPLIST_FILE = YES;
				INFOPLIST_KEY_UIApplicationSceneManifest_Generation = YES;
				INFOPLIST_KEY_UIApplicationSupportsIndirectInputEvents = YES;
				INFOPLIST_KEY_UILaunchScreen_Generation = YES;
				INFOPLIST_KEY_UISupportedInterfaceOrientations_iPad = "UIInterfaceOrientationPortrait UIInterfaceOrientationPortraitUpsideDown UIInterfaceOrientationLandscapeLeft UIInterfaceOrientationLandscapeRight";
				INFOPLIST_KEY_UISupportedInterfaceOrientations_iPhone = "UIInterfaceOrientationPortrait UIInterfaceOrientationLandscapeLeft UIInterfaceOrientationLandscapeRight";
				LD_RUNPATH_SEARCH_PATHS = (
					"$(inherited)",
					"@executable_path/Frameworks",
				);
				MARKETING_VERSION = 1.0;
				PRODUCT_BUNDLE_IDENTIFIER = com.personal.FutureWealth;
				PRODUCT_NAME = "$(TARGET_NAME)";
				SWIFT_EMIT_LOC_STRINGS = YES;
				SWIFT_VERSION = 5.0;
				TARGETED_DEVICE_FAMILY = "1,2";
			};
			name = Debug;
		};
		717B4BB9281853FA00C8D38E /* Release */ = {
			isa = XCBuildConfiguration;
			buildSettings = {
				ASSETCATALOG_COMPILER_APPICON_NAME = AppIcon;
				ASSETCATALOG_COMPILER_GLOBAL_ACCENT_COLOR_NAME = AccentColor;
				CODE_SIGN_STYLE = Automatic;
				CURRENT_PROJECT_VERSION = 1;
				DEVELOPMENT_ASSET_PATHS = "\"FutureWealth/Preview Content\"";
				DEVELOPMENT_TEAM = SPA6U35XFL;
				ENABLE_PREVIEWS = YES;
				GENERATE_INFOPLIST_FILE = YES;
				INFOPLIST_KEY_UIApplicationSceneManifest_Generation = YES;
				INFOPLIST_KEY_UIApplicationSupportsIndirectInputEvents = YES;
				INFOPLIST_KEY_UILaunchScreen_Generation = YES;
				INFOPLIST_KEY_UISupportedInterfaceOrientations_iPad = "UIInterfaceOrientationPortrait UIInterfaceOrientationPortraitUpsideDown UIInterfaceOrientationLandscapeLeft UIInterfaceOrientationLandscapeRight";
				INFOPLIST_KEY_UISupportedInterfaceOrientations_iPhone = "UIInterfaceOrientationPortrait UIInterfaceOrientationLandscapeLeft UIInterfaceOrientationLandscapeRight";
				LD_RUNPATH_SEARCH_PATHS = (
					"$(inherited)",
					"@executable_path/Frameworks",
				);
				MARKETING_VERSION = 1.0;
				PRODUCT_BUNDLE_IDENTIFIER = com.personal.FutureWealth;
				PRODUCT_NAME = "$(TARGET_NAME)";
				SWIFT_EMIT_LOC_STRINGS = YES;
				SWIFT_VERSION = 5.0;
				TARGETED_DEVICE_FAMILY = "1,2";
			};
			name = Release;
		};
/* End XCBuildConfiguration section */

/* Begin XCConfigurationList section */
		717B4BA4281853F800C8D38E /* Build configuration list for PBXProject "FutureWealth" */ = {
			isa = XCConfigurationList;
			buildConfigurations = (
				717B4BB5281853FA00C8D38E /* Debug */,
				717B4BB6281853FA00C8D38E /* Release */,
			);
			defaultConfigurationIsVisible = 0;
			defaultConfigurationName = Release;
		};
		717B4BB7281853FA00C8D38E /* Build configuration list for PBXNativeTarget "FutureWealth" */ = {
			isa = XCConfigurationList;
			buildConfigurations = (
				717B4BB8281853FA00C8D38E /* Debug */,
				717B4BB9281853FA00C8D38E /* Release */,
			);
			defaultConfigurationIsVisible = 0;
			defaultConfigurationName = Release;
		};
/* End XCConfigurationList section */

/* Begin XCRemoteSwiftPackageReference section */
		712F4E6028186066006E6B59 /* XCRemoteSwiftPackageReference "SwiftUIFontIcon" */ = {
			isa = XCRemoteSwiftPackageReference;
			repositoryURL = "https://github.com/huybuidac/SwiftUIFontIcon";
			requirement = {
				kind = upToNextMajorVersion;
				minimumVersion = 2.0.0;
			};
		};
/* End XCRemoteSwiftPackageReference section */

/* Begin XCSwiftPackageProductDependency section */
		712F4E6128186066006E6B59 /* SwiftUIFontIcon */ = {
			isa = XCSwiftPackageProductDependency;
			package = 712F4E6028186066006E6B59 /* XCRemoteSwiftPackageReference "SwiftUIFontIcon" */;
			productName = SwiftUIFontIcon;
		};
/* End XCSwiftPackageProductDependency section */

/* Begin XCVersionGroup section */
		7196FA39281AA88100EAE090 /* LogModel.xcdatamodeld */ = {
			isa = XCVersionGroup;
			children = (
				7196FA3A281AA88100EAE090 /* LogModel.xcdatamodel */,
			);
			currentVersion = 7196FA3A281AA88100EAE090 /* LogModel.xcdatamodel */;
			path = LogModel.xcdatamodeld;
			sourceTree = "<group>";
			versionGroupType = wrapper.xcdatamodel;
		};
/* End XCVersionGroup section */
	};
	rootObject = 717B4BA1281853F800C8D38E /* Project object */;
}
